
Microsoft Visual Studio Solution File, Format Version 12.00
# Visual Studio Version 16
VisualStudioVersion = 16.0.30611.23
MinimumVisualStudioVersion = 10.0.40219.1
Project("{9A19103F-16F7-4668-BE54-9A1E7A4F7556}") = "tools", "tools\tools.csproj", "{E88BBE29-E08A-4919-8D81-B18298F8ACCA}"
EndProject
Project("{2150E333-8FDC-42A3-9474-1A3956D46DE8}") = "Solution Items", "Solution Items", "{0203230C-CE52-4DEE-BB05-9DB7D4680D1C}"
	ProjectSection(SolutionItems) = preProject
		.editorconfig = .editorconfig
	EndProjectSection
EndProject
Global
	GlobalSection(SolutionConfigurationPlatforms) = preSolution
		Debug|Any CPU = Debug|Any CPU
		Release|Any CPU = Release|Any CPU
	EndGlobalSection
	GlobalSection(ProjectConfigurationPlatforms) = postSolution
		{E88BBE29-E08A-4919-8D81-B18298F8ACCA}.Debug|Any CPU.ActiveCfg = Debug|Any CPU
		{E88BBE29-E08A-4919-8D81-B18298F8ACCA}.Debug|Any CPU.Build.0 = Debug|Any CPU
		{E88BBE29-E08A-4919-8D81-B18298F8ACCA}.Release|Any CPU.ActiveCfg = Release|Any CPU
		{E88BBE29-E08A-4919-8D81-B18298F8ACCA}.Release|Any CPU.Build.0 = Release|Any CPU
	EndGlobalSection
	GlobalSection(SolutionProperties) = preSolution
		HideSolutionNode = FALSE
	EndGlobalSection
	GlobalSection(ExtensibilityGlobals) = postSolution
		SolutionGuid = {ED231D17-EB48-4D06-A92F-702A5D1044B2}
	EndGlobalSection
EndGlobal
